schema_version: 1
reprollm_version: 0.1.1
generated_at: '2026-10-01T09:30:00Z'
manifest_sha256: sha256:manifest
project_rules_sha256: null
resolution:
  mode: offline
models:
  declared:
    provider: huggingface
    id: org/model
    pinnability: exact
    revision:
      value: v1
      source: manifest
      confidence: declared
      resolved_at: null
      note: null
    observed_at: null
    tokenizer:
      id: org/model
      revision:
        value: v1
        source: manifest
        confidence: declared
        resolved_at: null
        note: null
    chat_template:
      sha256:
        value: null
        source: offline
        confidence: unresolved
        resolved_at: null
        note: chat template repository revision is unresolved
      status: present
    config_sha256: null
    adapter: null
    local: null
    dtype: null
    quantization: null
    trust_remote_code: null
  unknown:
    provider: huggingface
    id: org/unknown
    pinnability: exact
    revision:
      value: null
      source: offline
      confidence: unresolved
      resolved_at: null
      note: offline mode; run reprollm lock with network access
    observed_at: null
    tokenizer:
      id: org/unknown
      revision:
        value: null
        source: offline
        confidence: unresolved
        resolved_at: null
        note: offline mode; run reprollm lock with network access
    chat_template:
      sha256:
        value: null
        source: offline
        confidence: unresolved
        resolved_at: null
        note: offline mode; run reprollm lock with network access
      status: present
    config_sha256:
      value: null
      source: offline
      confidence: unresolved
      resolved_at: null
      note: offline mode; run reprollm lock with network access
    adapter: null
    local: null
    dtype: null
    quantization: null
    trust_remote_code: null
datasets:
  eval:
    provider: huggingface
    id: org/data
    revision:
      value: v2
      source: manifest
      confidence: declared
      resolved_at: null
      note: null
    subset: null
    split: null
    content_fingerprint:
      status: not_computed
    files: null
prompts: {}
files: []
generation: null
inference: null
training: null
evaluation: null
privacy: null
environment:
  python: 3.11.9
  platform: linux
  packages: {}
  gpu:
    driver: null
    cuda_driver_max: null
    source: unavailable
